<?xml version="1.0" encoding="utf-8"?>
<Project ToolsVersion="4.0" xmlns="http://schemas.microsoft.com/developer/msbuild/2003">
  <ItemGroup>
    <Filter Include="Source Files">
      <UniqueIdentifier>{4FC737F1-C7A5-4376-A066-2A32D752A2FF}</UniqueIdentifier>
      <Extensions>cpp;c;cc;cxx;c++;cppm;ixx;def;odl;idl;hpj;bat;asm;asmx</Extensions>
    </Filter>
    <Filter Include="Header Files">
      <UniqueIdentifier>{93995380-89BD-4b04-88EB-625FBE52EBFB}</UniqueIdentifier>
      <Extensions>h;hh;hpp;hxx;h++;hm;inl;inc;ipp;xsd</Extensions>
    </Filter>
    <Filter Include="Resource Files">
      <UniqueIdentifier>{67DA6AB6-F800-4c08-8B7A-83BB121AAD01}</UniqueIdentifier>
      <Extensions>rc;ico;cur;bmp;dlg;rc2;rct;bin;rgs;gif;jpg;jpeg;jpe;resx;tiff;tif;png;wav;mfcribbon-ms</Extensions>
    </Filter>
  </ItemGroup>
  <ItemGroup>
    <ClInclude Include="gfx_d3d\r_pix_profile.h">
      <Filter>Header Files</Filter>
    </ClInclude>
    <ClInclude Include="qcommon\common.h">
      <Filter>Header Files</Filter>
    </ClInclude>
    <ClInclude Include="qcommon\mem_track.h">
      <Filter>Header Files</Filter>
    </ClInclude>
    <ClInclude Include="qcommon\threads.h">
      <Filter>Header Files</Filter>
    </ClInclude>
    <ClInclude Include="qcommon\threads_interlock.h">
      <Filter>Header Files</Filter>
    </ClInclude>
    <ClInclude Include="universal\com_math.h">
      <Filter>Header Files</Filter>
    </ClInclude>
    <ClInclude Include="universal\com_math_anglevectors.h">
      <Filter>Header Files</Filter>
    </ClInclude>
    <ClInclude Include="universal\com_memory.h">
      <Filter>Header Files</Filter>
    </ClInclude>
    <ClInclude Include="universal\com_vector.h">
      <Filter>Header Files</Filter>
    </ClInclude>
    <ClInclude Include="universal\dvar.h">
      <Filter>Header Files</Filter>
    </ClInclude>
    <ClInclude Include="universal\q_shared.h">
      <Filter>Header Files</Filter>
    </ClInclude>
    <ClInclude Include="universal\win_common.h">
      <Filter>Header Files</Filter>
    </ClInclude>
    <ClInclude Include="win32\win_main.h">
      <Filter>Header Files</Filter>
    </ClInclude>
    <ClInclude Include="win32\win_input.h">
      <Filter>Header Files</Filter>
    </ClInclude>
    <ClInclude Include="stringed\stringed_hooks.h">
      <Filter>Header Files</Filter>
    </ClInclude>
    <ClInclude Include="universal\com_files.h">
      <Filter>Header Files</Filter>
    </ClInclude>
    <ClInclude Include="win32\win_shared.h">
      <Filter>Header Files</Filter>
    </ClInclude>
    <ClInclude Include="universal\com_fileaccess.h">
      <Filter>Header Files</Filter>
    </ClInclude>
    <ClInclude Include="zlib\crc32.h">
      <Filter>Header Files</Filter>
    </ClInclude>
    <ClInclude Include="zlib\deflate.h">
      <Filter>Header Files</Filter>
    </ClInclude>
    <ClInclude Include="zlib\gzguts.h">
      <Filter>Header Files</Filter>
    </ClInclude>
    <ClInclude Include="zlib\inffast.h">
      <Filter>Header Files</Filter>
    </ClInclude>
    <ClInclude Include="zlib\inffixed.h">
      <Filter>Header Files</Filter>
    </ClInclude>
    <ClInclude Include="zlib\inflate.h">
      <Filter>Header Files</Filter>
    </ClInclude>
    <ClInclude Include="zlib\inftrees.h">
      <Filter>Header Files</Filter>
    </ClInclude>
    <ClInclude Include="zlib\trees.h">
      <Filter>Header Files</Filter>
    </ClInclude>
    <ClInclude Include="zlib\unzip.h">
      <Filter>Header Files</Filter>
    </ClInclude>
    <ClInclude Include="zlib\zconf.h">
      <Filter>Header Files</Filter>
    </ClInclude>
    <ClInclude Include="zlib\zlib.h">
      <Filter>Header Files</Filter>
    </ClInclude>
    <ClInclude Include="zlib\zutil.h">
      <Filter>Header Files</Filter>
    </ClInclude>
    <ClInclude Include="zlib\ioapi.h">
      <Filter>Header Files</Filter>
    </ClInclude>
    <ClInclude Include="universal\mem_userhunk.h">
      <Filter>Header Files</Filter>
    </ClInclude>
    <ClInclude Include="universal\com_shared.h">
      <Filter>Header Files</Filter>
    </ClInclude>
    <ClInclude Include="qcommon\files.h">
      <Filter>Header Files</Filter>
    </ClInclude>
  </ItemGroup>
  <ItemGroup>
    <ClCompile Include="qcommon\mem_track.cpp">
      <Filter>Source Files</Filter>
    </ClCompile>
    <ClCompile Include="qcommon\threads.cpp">
      <Filter>Source Files</Filter>
    </ClCompile>
    <ClCompile Include="universal\com_math.cpp">
      <Filter>Source Files</Filter>
    </ClCompile>
    <ClCompile Include="universal\com_math_anglevectors.cpp">
      <Filter>Source Files</Filter>
    </ClCompile>
    <ClCompile Include="universal\com_vector.cpp">
      <Filter>Source Files</Filter>
    </ClCompile>
    <ClCompile Include="universal\dvar.cpp">
      <Filter>Source Files</Filter>
    </ClCompile>
    <ClCompile Include="universal\q_shared.cpp">
      <Filter>Source Files</Filter>
    </ClCompile>
    <ClCompile Include="universal\win_common.cpp">
      <Filter>Source Files</Filter>
    </ClCompile>
    <ClCompile Include="win32\win_main.cpp">
      <Filter>Source Files</Filter>
    </ClCompile>
    <ClCompile Include="win32\win_input.cpp">
      <Filter>Source Files</Filter>
    </ClCompile>
    <ClCompile Include="universal\com_files.cpp">
      <Filter>Source Files</Filter>
    </ClCompile>
    <ClCompile Include="universal\com_memory.cpp">
      <Filter>Source Files</Filter>
    </ClCompile>
    <ClCompile Include="win32\win_shared.cpp">
      <Filter>Source Files</Filter>
    </ClCompile>
    <ClCompile Include="universal\com_fileaccess.cpp">
      <Filter>Source Files</Filter>
    </ClCompile>
    <ClCompile Include="zlib\adler32.c">
      <Filter>Source Files</Filter>
    </ClCompile>
    <ClCompile Include="zlib\compress.c">
      <Filter>Source Files</Filter>
    </ClCompile>
    <ClCompile Include="zlib\crc32.c">
      <Filter>Source Files</Filter>
    </ClCompile>
    <ClCompile Include="zlib\deflate.c">
      <Filter>Source Files</Filter>
    </ClCompile>
    <ClCompile Include="zlib\gzclose.c">
      <Filter>Source Files</Filter>
    </ClCompile>
    <ClCompile Include="zlib\gzlib.c">
      <Filter>Source Files</Filter>
    </ClCompile>
    <ClCompile Include="zlib\gzread.c">
      <Filter>Source Files</Filter>
    </ClCompile>
    <ClCompile Include="zlib\gzwrite.c">
      <Filter>Source Files</Filter>
    </ClCompile>
    <ClCompile Include="zlib\infback.c">
      <Filter>Source Files</Filter>
    </ClCompile>
    <ClCompile Include="zlib\inffast.c">
      <Filter>Source Files</Filter>
    </ClCompile>
    <ClCompile Include="zlib\inflate.c">
      <Filter>Source Files</Filter>
    </ClCompile>
    <ClCompile Include="zlib\inftrees.c">
      <Filter>Source Files</Filter>
    </ClCompile>
    <ClCompile Include="zlib\trees.c">
      <Filter>Source Files</Filter>
    </ClCompile>
    <ClCompile Include="zlib\uncompr.c">
      <Filter>Source Files</Filter>
    </ClCompile>
    <ClCompile Include="zlib\unzip.cpp">
      <Filter>Source Files</Filter>
    </ClCompile>
    <ClCompile Include="zlib\zutil.c">
      <Filter>Source Files</Filter>
    </ClCompile>
    <ClCompile Include="zlib\ioapi.cpp">
      <Filter>Source Files</Filter>
    </ClCompile>
    <ClCompile Include="universal\mem_userhunk.cpp">
      <Filter>Source Files</Filter>
    </ClCompile>
    <ClCompile Include="universal\com_shared.cpp">
      <Filter>Source Files</Filter>
    </ClCompile>
    <ClCompile Include="qcommon\files.cpp">
      <Filter>Source Files</Filter>
    </ClCompile>
  </ItemGroup>
</Project>